// !$*UTF8*$!
{
	archiveVersion = 1;
	classes = {
	};
	objectVersion = 46;
	objects = {

/* Begin PBXBuildFile section */
		DC06DFCA1D81F1A6001C5042 /* UIImage+Creation.swift in Sources */ = {isa = PBXBuildFile; fileRef = DC06DFC81D81F1A6001C5042 /* UIImage+Creation.swift */; };
		DC087D7F1D86051C00104A84 /* NSRegularExpression+Convenience.swift in Sources */ = {isa = PBXBuildFile; fileRef = DC087D7E1D86051C00104A84 /* NSRegularExpression+Convenience.swift */; };
		DC087D811D86056200104A84 /* String+Parsing.swift in Sources */ = {isa = PBXBuildFile; fileRef = DC087D801D86056200104A84 /* String+Parsing.swift */; };
		DC292D101E359B7A00956869 /* NSControl+Convenience.swift in Sources */ = {isa = PBXBuildFile; fileRef = DC292D0F1E359B7A00956869 /* NSControl+Convenience.swift */; };
		DC4577531D8515A300711D86 /* BasicCenteredCollectionViewLayout.swift in Sources */ = {isa = PBXBuildFile; fileRef = DC4577521D8515A300711D86 /* BasicCenteredCollectionViewLayout.swift */; };
		DC4D07AF1D7D238600862432 /* Array+Convenience.swift in Sources */ = {isa = PBXBuildFile; fileRef = DC4D07A01D7D238600862432 /* Array+Convenience.swift */; };
		DC4D07B01D7D238600862432 /* Bool+Convenience.swift in Sources */ = {isa = PBXBuildFile; fileRef = DC4D07A11D7D238600862432 /* Bool+Convenience.swift */; };
		DC4D07B11D7D238600862432 /* CGFloat+Convenience.swift in Sources */ = {isa = PBXBuildFile; fileRef = DC4D07A21D7D238600862432 /* CGFloat+Convenience.swift */; };
		DC4D07B21D7D238600862432 /* Int+Convenience.swift in Sources */ = {isa = PBXBuildFile; fileRef = DC4D07A31D7D238600862432 /* Int+Convenience.swift */; };
		DC4D07B31D7D238600862432 /* NSFileManager+Convenience.swift in Sources */ = {isa = PBXBuildFile; fileRef = DC4D07A41D7D238600862432 /* NSFileManager+Convenience.swift */; };
		DC4D07B41D7D238600862432 /* NSNotificationCenter+Convenience.swift in Sources */ = {isa = PBXBuildFile; fileRef = DC4D07A51D7D238600862432 /* NSNotificationCenter+Convenience.swift */; };
		DC4D07B51D7D238600862432 /* NSObject+Convenience.swift in Sources */ = {isa = PBXBuildFile; fileRef = DC4D07A61D7D238600862432 /* NSObject+Convenience.swift */; };
		DC4D07B61D7D238600862432 /* NSOperation+Convenience.swift in Sources */ = {isa = PBXBuildFile; fileRef = DC4D07A71D7D238600862432 /* NSOperation+Convenience.swift */; };
		DC4D07B71D7D238600862432 /* NSURL+Convenience.swift in Sources */ = {isa = PBXBuildFile; fileRef = DC4D07A81D7D238600862432 /* NSURL+Convenience.swift */; };
		DC4D07B81D7D238600862432 /* Primitives+Convenience.swift in Sources */ = {isa = PBXBuildFile; fileRef = DC4D07A91D7D238600862432 /* Primitives+Convenience.swift */; };
		DC4D07BA1D7D238600862432 /* Set+Convenience.swift in Sources */ = {isa = PBXBuildFile; fileRef = DC4D07AB1D7D238600862432 /* Set+Convenience.swift */; };
		DC4D07BB1D7D238600862432 /* String+Convenience.swift in Sources */ = {isa = PBXBuildFile; fileRef = DC4D07AC1D7D238600862432 /* String+Convenience.swift */; };
		DC4D07BC1D7D238600862432 /* UIAlertController+Convenience.swift in Sources */ = {isa = PBXBuildFile; fileRef = DC4D07AD1D7D238600862432 /* UIAlertController+Convenience.swift */; };
		DC4D07BD1D7D238600862432 /* UIView+Convenience.swift in Sources */ = {isa = PBXBuildFile; fileRef = DC4D07AE1D7D238600862432 /* UIView+Convenience.swift */; };
		DC4D07EA1D7D254600862432 /* UniversalSaverBase.swift in Sources */ = {isa = PBXBuildFile; fileRef = DC4D07E91D7D254600862432 /* UniversalSaverBase.swift */; };
		DC68D2F61DD146B900144FC3 /* RegexMatch.swift in Sources */ = {isa = PBXBuildFile; fileRef = DC68D2F51DD146B900144FC3 /* RegexMatch.swift */; };
		DC6B68CD1EB59E7700B0FF92 /* CoronaConvenience_Tests.swift in Sources */ = {isa = PBXBuildFile; fileRef = DC6B68CC1EB59E7700B0FF92 /* CoronaConvenience_Tests.swift */; };
		DC6B68D31EB5A26400B0FF92 /* CGPointTests.swift in Sources */ = {isa = PBXBuildFile; fileRef = DC6B68D21EB5A26400B0FF92 /* CGPointTests.swift */; };
		DC6B68D51EB5A30200B0FF92 /* CGSizeTests.swift in Sources */ = {isa = PBXBuildFile; fileRef = DC6B68D41EB5A30200B0FF92 /* CGSizeTests.swift */; };
		DC7428FF1D7F453D001AF8E1 /* CADisplayLinkWrapper.swift in Sources */ = {isa = PBXBuildFile; fileRef = DC7428F41D7F453D001AF8E1 /* CADisplayLinkWrapper.swift */; };
		DC7429001D7F453D001AF8E1 /* CGPoint+Math.swift in Sources */ = {isa = PBXBuildFile; fileRef = DC7428F51D7F453D001AF8E1 /* CGPoint+Math.swift */; };
		DC7429011D7F453D001AF8E1 /* CGRect+Math.swift in Sources */ = {isa = PBXBuildFile; fileRef = DC7428F61D7F453D001AF8E1 /* CGRect+Math.swift */; };
		DC7429021D7F453D001AF8E1 /* CGSize+Math.swift in Sources */ = {isa = PBXBuildFile; fileRef = DC7428F71D7F453D001AF8E1 /* CGSize+Math.swift */; };
		DC7429031D7F453D001AF8E1 /* CombineIteration.swift in Sources */ = {isa = PBXBuildFile; fileRef = DC7428F81D7F453D001AF8E1 /* CombineIteration.swift */; };
		DC7429041D7F453D001AF8E1 /* Math.swift in Sources */ = {isa = PBXBuildFile; fileRef = DC7428F91D7F453D001AF8E1 /* Math.swift */; };
		DC7429051D7F453D001AF8E1 /* NSScanner+Swift.swift in Sources */ = {isa = PBXBuildFile; fileRef = DC7428FA1D7F453D001AF8E1 /* NSScanner+Swift.swift */; };
		DC7429081D7F453D001AF8E1 /* UIColor+Math.swift in Sources */ = {isa = PBXBuildFile; fileRef = DC7428FD1D7F453D001AF8E1 /* UIColor+Math.swift */; };
		DC9FFD6E1EA9660B0058493C /* ColorUtils.swift in Sources */ = {isa = PBXBuildFile; fileRef = DC9FFD6D1EA9660B0058493C /* ColorUtils.swift */; };
		DCA4C7FB1DBC004700D00A25 /* WeakReference.swift in Sources */ = {isa = PBXBuildFile; fileRef = DCA4C7FA1DBC004700D00A25 /* WeakReference.swift */; };
		DCA4C7FD1DBC008000D00A25 /* UnownedReference.swift in Sources */ = {isa = PBXBuildFile; fileRef = DCA4C7FC1DBC008000D00A25 /* UnownedReference.swift */; };
		DCC50CD01D81EF1E007092CA /* UIViewController+Geometry.swift in Sources */ = {isa = PBXBuildFile; fileRef = DCC50CCF1D81EF1E007092CA /* UIViewController+Geometry.swift */; };
		DCC542951E7E11EA00C50451 /* NSLayoutConstraint+Convenience.swift in Sources */ = {isa = PBXBuildFile; fileRef = DCC542941E7E11EA00C50451 /* NSLayoutConstraint+Convenience.swift */; };
		DCEE23D21EB666C200195F94 /* CGRectTests.swift in Sources */ = {isa = PBXBuildFile; fileRef = DCEE23D01EB6664100195F94 /* CGRectTests.swift */; };
		DCF15A391F993A1800F212A3 /* Dictionary+Convenience.swift in Sources */ = {isa = PBXBuildFile; fileRef = DCF15A381F993A1800F212A3 /* Dictionary+Convenience.swift */; };
		DCF15A3B1F993A9800F212A3 /* DictionaryTest.swift in Sources */ = {isa = PBXBuildFile; fileRef = DCF15A3A1F993A9800F212A3 /* DictionaryTest.swift */; };
/* End PBXBuildFile section */

/* Begin PBXFileReference section */
		DC06DFC81D81F1A6001C5042 /* UIImage+Creation.swift */ = {isa = PBXFileReference; fileEncoding = 4; lastKnownFileType = sourcecode.swift; path = "UIImage+Creation.swift"; sourceTree = "<group>"; };
		DC087D7E1D86051C00104A84 /* NSRegularExpression+Convenience.swift */ = {isa = PBXFileReference; fileEncoding = 4; lastKnownFileType = sourcecode.swift; path = "NSRegularExpression+Convenience.swift"; sourceTree = "<group>"; };
		DC087D801D86056200104A84 /* String+Parsing.swift */ = {isa = PBXFileReference; fileEncoding = 4; lastKnownFileType = sourcecode.swift; path = "String+Parsing.swift"; sourceTree = "<group>"; };
		DC292D0F1E359B7A00956869 /* NSControl+Convenience.swift */ = {isa = PBXFileReference; fileEncoding = 4; lastKnownFileType = sourcecode.swift; path = "NSControl+Convenience.swift"; sourceTree = "<group>"; };
		DC4577521D8515A300711D86 /* BasicCenteredCollectionViewLayout.swift */ = {isa = PBXFileReference; fileEncoding = 4; lastKnownFileType = sourcecode.swift; path = BasicCenteredCollectionViewLayout.swift; sourceTree = "<group>"; };
		DC4D07951D7D233A00862432 /* CoronaConvenience.framework */ = {isa = PBXFileReference; explicitFileType = wrapper.framework; includeInIndex = 0; path = CoronaConvenience.framework; sourceTree = BUILT_PRODUCTS_DIR; };
		DC4D079A1D7D233A00862432 /* Info.plist */ = {isa = PBXFileReference; lastKnownFileType = text.plist.xml; path = Info.plist; sourceTree = "<group>"; };
		DC4D07A01D7D238600862432 /* Array+Convenience.swift */ = {isa = PBXFileReference; fileEncoding = 4; lastKnownFileType = sourcecode.swift; path = "Array+Convenience.swift"; sourceTree = "<group>"; };
		DC4D07A11D7D238600862432 /* Bool+Convenience.swift */ = {isa = PBXFileReference; fileEncoding = 4; lastKnownFileType = sourcecode.swift; path = "Bool+Convenience.swift"; sourceTree = "<group>"; };
		DC4D07A21D7D238600862432 /* CGFloat+Convenience.swift */ = {isa = PBXFileReference; fileEncoding = 4; lastKnownFileType = sourcecode.swift; lineEnding = 0; path = "CGFloat+Convenience.swift"; sourceTree = "<group>"; xcLanguageSpecificationIdentifier = xcode.lang.swift; };
		DC4D07A31D7D238600862432 /* Int+Convenience.swift */ = {isa = PBXFileReference; fileEncoding = 4; lastKnownFileType = sourcecode.swift; lineEnding = 0; path = "Int+Convenience.swift"; sourceTree = "<group>"; xcLanguageSpecificationIdentifier = xcode.lang.swift; };
		DC4D07A41D7D238600862432 /* NSFileManager+Convenience.swift */ = {isa = PBXFileReference; fileEncoding = 4; lastKnownFileType = sourcecode.swift; path = "NSFileManager+Convenience.swift"; sourceTree = "<group>"; };
		DC4D07A51D7D238600862432 /* NSNotificationCenter+Convenience.swift */ = {isa = PBXFileReference; fileEncoding = 4; lastKnownFileType = sourcecode.swift; lineEnding = 0; path = "NSNotificationCenter+Convenience.swift"; sourceTree = "<group>"; xcLanguageSpecificationIdentifier = xcode.lang.swift; };
		DC4D07A61D7D238600862432 /* NSObject+Convenience.swift */ = {isa = PBXFileReference; fileEncoding = 4; lastKnownFileType = sourcecode.swift; lineEnding = 0; path = "NSObject+Convenience.swift"; sourceTree = "<group>"; xcLanguageSpecificationIdentifier = xcode.lang.swift; };
		DC4D07A71D7D238600862432 /* NSOperation+Convenience.swift */ = {isa = PBXFileReference; fileEncoding = 4; lastKnownFileType = sourcecode.swift; path = "NSOperation+Convenience.swift"; sourceTree = "<group>"; };
		DC4D07A81D7D238600862432 /* NSURL+Convenience.swift */ = {isa = PBXFileReference; fileEncoding = 4; lastKnownFileType = sourcecode.swift; path = "NSURL+Convenience.swift"; sourceTree = "<group>"; };
		DC4D07A91D7D238600862432 /* Primitives+Convenience.swift */ = {isa = PBXFileReference; fileEncoding = 4; lastKnownFileType = sourcecode.swift; path = "Primitives+Convenience.swift"; sourceTree = "<group>"; };
		DC4D07AB1D7D238600862432 /* Set+Convenience.swift */ = {isa = PBXFileReference; fileEncoding = 4; lastKnownFileType = sourcecode.swift; path = "Set+Convenience.swift"; sourceTree = "<group>"; };
		DC4D07AC1D7D238600862432 /* String+Convenience.swift */ = {isa = PBXFileReference; fileEncoding = 4; lastKnownFileType = sourcecode.swift; path = "String+Convenience.swift"; sourceTree = "<group>"; };
		DC4D07AD1D7D238600862432 /* UIAlertController+Convenience.swift */ = {isa = PBXFileReference; fileEncoding = 4; lastKnownFileType = sourcecode.swift; path = "UIAlertController+Convenience.swift"; sourceTree = "<group>"; };
		DC4D07AE1D7D238600862432 /* UIView+Convenience.swift */ = {isa = PBXFileReference; fileEncoding = 4; lastKnownFileType = sourcecode.swift; path = "UIView+Convenience.swift"; sourceTree = "<group>"; };
		DC4D07E91D7D254600862432 /* UniversalSaverBase.swift */ = {isa = PBXFileReference; fileEncoding = 4; lastKnownFileType = sourcecode.swift; path = UniversalSaverBase.swift; sourceTree = "<group>"; };
		DC68D2F51DD146B900144FC3 /* RegexMatch.swift */ = {isa = PBXFileReference; fileEncoding = 4; lastKnownFileType = sourcecode.swift; path = RegexMatch.swift; sourceTree = "<group>"; };
		DC6B68CA1EB59E7700B0FF92 /* CoronaConvenience.Tests.xctest */ = {isa = PBXFileReference; explicitFileType = wrapper.cfbundle; includeInIndex = 0; path = CoronaConvenience.Tests.xctest; sourceTree = BUILT_PRODUCTS_DIR; };
		DC6B68CC1EB59E7700B0FF92 /* CoronaConvenience_Tests.swift */ = {isa = PBXFileReference; lastKnownFileType = sourcecode.swift; path = CoronaConvenience_Tests.swift; sourceTree = "<group>"; };
		DC6B68CE1EB59E7700B0FF92 /* Info.plist */ = {isa = PBXFileReference; lastKnownFileType = text.plist.xml; path = Info.plist; sourceTree = "<group>"; };
		DC6B68D21EB5A26400B0FF92 /* CGPointTests.swift */ = {isa = PBXFileReference; fileEncoding = 4; lastKnownFileType = sourcecode.swift; path = CGPointTests.swift; sourceTree = "<group>"; };
		DC6B68D41EB5A30200B0FF92 /* CGSizeTests.swift */ = {isa = PBXFileReference; fileEncoding = 4; lastKnownFileType = sourcecode.swift; path = CGSizeTests.swift; sourceTree = "<group>"; };
		DC7428F41D7F453D001AF8E1 /* CADisplayLinkWrapper.swift */ = {isa = PBXFileReference; fileEncoding = 4; lastKnownFileType = sourcecode.swift; lineEnding = 0; path = CADisplayLinkWrapper.swift; sourceTree = "<group>"; xcLanguageSpecificationIdentifier = xcode.lang.swift; };
		DC7428F51D7F453D001AF8E1 /* CGPoint+Math.swift */ = {isa = PBXFileReference; fileEncoding = 4; lastKnownFileType = sourcecode.swift; lineEnding = 0; path = "CGPoint+Math.swift"; sourceTree = "<group>"; xcLanguageSpecificationIdentifier = xcode.lang.swift; };
		DC7428F61D7F453D001AF8E1 /* CGRect+Math.swift */ = {isa = PBXFileReference; fileEncoding = 4; lastKnownFileType = sourcecode.swift; lineEnding = 0; path = "CGRect+Math.swift"; sourceTree = "<group>"; xcLanguageSpecificationIdentifier = xcode.lang.swift; };
		DC7428F71D7F453D001AF8E1 /* CGSize+Math.swift */ = {isa = PBXFileReference; fileEncoding = 4; lastKnownFileType = sourcecode.swift; lineEnding = 0; path = "CGSize+Math.swift"; sourceTree = "<group>"; xcLanguageSpecificationIdentifier = xcode.lang.swift; };
		DC7428F81D7F453D001AF8E1 /* CombineIteration.swift */ = {isa = PBXFileReference; fileEncoding = 4; lastKnownFileType = sourcecode.swift; path = CombineIteration.swift; sourceTree = "<group>"; };
		DC7428F91D7F453D001AF8E1 /* Math.swift */ = {isa = PBXFileReference; fileEncoding = 4; lastKnownFileType = sourcecode.swift; lineEnding = 0; path = Math.swift; sourceTree = "<group>"; xcLanguageSpecificationIdentifier = xcode.lang.swift; };
		DC7428FA1D7F453D001AF8E1 /* NSScanner+Swift.swift */ = {isa = PBXFileReference; fileEncoding = 4; lastKnownFileType = sourcecode.swift; lineEnding = 0; path = "NSScanner+Swift.swift"; sourceTree = "<group>"; xcLanguageSpecificationIdentifier = xcode.lang.swift; };
		DC7428FD1D7F453D001AF8E1 /* UIColor+Math.swift */ = {isa = PBXFileReference; fileEncoding = 4; lastKnownFileType = sourcecode.swift; path = "UIColor+Math.swift"; sourceTree = "<group>"; };
		DC9FFD6D1EA9660B0058493C /* ColorUtils.swift */ = {isa = PBXFileReference; fileEncoding = 4; lastKnownFileType = sourcecode.swift; path = ColorUtils.swift; sourceTree = "<group>"; };
		DCA4C7FA1DBC004700D00A25 /* WeakReference.swift */ = {isa = PBXFileReference; fileEncoding = 4; lastKnownFileType = sourcecode.swift; path = WeakReference.swift; sourceTree = "<group>"; };
		DCA4C7FC1DBC008000D00A25 /* UnownedReference.swift */ = {isa = PBXFileReference; fileEncoding = 4; lastKnownFileType = sourcecode.swift; path = UnownedReference.swift; sourceTree = "<group>"; };
		DCC50CCF1D81EF1E007092CA /* UIViewController+Geometry.swift */ = {isa = PBXFileReference; fileEncoding = 4; lastKnownFileType = sourcecode.swift; path = "UIViewController+Geometry.swift"; sourceTree = "<group>"; };
		DCC542941E7E11EA00C50451 /* NSLayoutConstraint+Convenience.swift */ = {isa = PBXFileReference; fileEncoding = 4; lastKnownFileType = sourcecode.swift; path = "NSLayoutConstraint+Convenience.swift"; sourceTree = "<group>"; };
		DCEE23D01EB6664100195F94 /* CGRectTests.swift */ = {isa = PBXFileReference; fileEncoding = 4; lastKnownFileType = sourcecode.swift; path = CGRectTests.swift; sourceTree = "<group>"; };
		DCF15A381F993A1800F212A3 /* Dictionary+Convenience.swift */ = {isa = PBXFileReference; lastKnownFileType = sourcecode.swift; path = "Dictionary+Convenience.swift"; sourceTree = "<group>"; };
		DCF15A3A1F993A9800F212A3 /* DictionaryTest.swift */ = {isa = PBXFileReference; lastKnownFileType = sourcecode.swift; name = DictionaryTest.swift; path = CoronaConvenience.Tests/DictionaryTest.swift; sourceTree = SOURCE_ROOT; };
/* End PBXFileReference section */

/* Begin PBXFrameworksBuildPhase section */
		DC4D07911D7D233A00862432 /* Frameworks */ = {
			isa = PBXFrameworksBuildPhase;
			buildActionMask = 2147483647;
			files = (
			);
			runOnlyForDeploymentPostprocessing = 0;
		};
		DC6B68C71EB59E7700B0FF92 /* Frameworks */ = {
			isa = PBXFrameworksBuildPhase;
			buildActionMask = 2147483647;
			files = (
			);
			runOnlyForDeploymentPostprocessing = 0;
		};
/* End PBXFrameworksBuildPhase section */

/* Begin PBXGroup section */
		DC4D078B1D7D233A00862432 = {
			isa = PBXGroup;
			children = (
				DC4D07971D7D233A00862432 /* CoronaConvenience */,
				DC6B68CB1EB59E7700B0FF92 /* CoronaConvenience.Tests */,
				DC4D07961D7D233A00862432 /* Products */,
			);
			sourceTree = "<group>";
		};
		DC4D07961D7D233A00862432 /* Products */ = {
			isa = PBXGroup;
			children = (
				DC4D07951D7D233A00862432 /* CoronaConvenience.framework */,
				DC6B68CA1EB59E7700B0FF92 /* CoronaConvenience.Tests.xctest */,
			);
			name = Products;
			sourceTree = "<group>";
		};
		DC4D07971D7D233A00862432 /* CoronaConvenience */ = {
			isa = PBXGroup;
			children = (
				DC4D07A01D7D238600862432 /* Array+Convenience.swift */,
				DC4577521D8515A300711D86 /* BasicCenteredCollectionViewLayout.swift */,
				DC4D07A11D7D238600862432 /* Bool+Convenience.swift */,
				DC7428F41D7F453D001AF8E1 /* CADisplayLinkWrapper.swift */,
				DC4D07A21D7D238600862432 /* CGFloat+Convenience.swift */,
				DC7428F51D7F453D001AF8E1 /* CGPoint+Math.swift */,
				DC7428F61D7F453D001AF8E1 /* CGRect+Math.swift */,
				DC7428F71D7F453D001AF8E1 /* CGSize+Math.swift */,
				DC9FFD6D1EA9660B0058493C /* ColorUtils.swift */,
				DC7428F81D7F453D001AF8E1 /* CombineIteration.swift */,
				DCF15A381F993A1800F212A3 /* Dictionary+Convenience.swift */,
				DC4D079A1D7D233A00862432 /* Info.plist */,
				DC4D07A31D7D238600862432 /* Int+Convenience.swift */,
				DC7428F91D7F453D001AF8E1 /* Math.swift */,
				DC292D0F1E359B7A00956869 /* NSControl+Convenience.swift */,
				DC4D07A41D7D238600862432 /* NSFileManager+Convenience.swift */,
				DCC542941E7E11EA00C50451 /* NSLayoutConstraint+Convenience.swift */,
				DC4D07A51D7D238600862432 /* NSNotificationCenter+Convenience.swift */,
				DC4D07A61D7D238600862432 /* NSObject+Convenience.swift */,
				DC4D07A71D7D238600862432 /* NSOperation+Convenience.swift */,
				DC087D7E1D86051C00104A84 /* NSRegularExpression+Convenience.swift */,
				DC7428FA1D7F453D001AF8E1 /* NSScanner+Swift.swift */,
				DC4D07A81D7D238600862432 /* NSURL+Convenience.swift */,
				DC4D07A91D7D238600862432 /* Primitives+Convenience.swift */,
				DC68D2F51DD146B900144FC3 /* RegexMatch.swift */,
				DC4D07AB1D7D238600862432 /* Set+Convenience.swift */,
				DC4D07AC1D7D238600862432 /* String+Convenience.swift */,
				DC087D801D86056200104A84 /* String+Parsing.swift */,
				DC4D07AD1D7D238600862432 /* UIAlertController+Convenience.swift */,
				DC7428FD1D7F453D001AF8E1 /* UIColor+Math.swift */,
				DC06DFC81D81F1A6001C5042 /* UIImage+Creation.swift */,
				DC4D07AE1D7D238600862432 /* UIView+Convenience.swift */,
				DCC50CCF1D81EF1E007092CA /* UIViewController+Geometry.swift */,
				DC4D07E91D7D254600862432 /* UniversalSaverBase.swift */,
				DCA4C7FC1DBC008000D00A25 /* UnownedReference.swift */,
				DCA4C7FA1DBC004700D00A25 /* WeakReference.swift */,
			);
			path = CoronaConvenience;
			sourceTree = "<group>";
		};
		DC6B68CB1EB59E7700B0FF92 /* CoronaConvenience.Tests */ = {
			isa = PBXGroup;
			children = (
				DC6B68D21EB5A26400B0FF92 /* CGPointTests.swift */,
				DCEE23D01EB6664100195F94 /* CGRectTests.swift */,
				DC6B68D41EB5A30200B0FF92 /* CGSizeTests.swift */,
				DC6B68CC1EB59E7700B0FF92 /* CoronaConvenience_Tests.swift */,
				DCF15A3A1F993A9800F212A3 /* DictionaryTest.swift */,
				DC6B68CE1EB59E7700B0FF92 /* Info.plist */,
			);
			path = CoronaConvenience.Tests;
			sourceTree = "<group>";
		};
/* End PBXGroup section */

/* Begin PBXHeadersBuildPhase section */
		DC4D07921D7D233A00862432 /* Headers */ = {
			isa = PBXHeadersBuildPhase;
			buildActionMask = 2147483647;
			files = (
			);
			runOnlyForDeploymentPostprocessing = 0;
		};
/* End PBXHeadersBuildPhase section */

/* Begin PBXNativeTarget section */
		DC4D07941D7D233A00862432 /* CoronaConvenience */ = {
			isa = PBXNativeTarget;
			buildConfigurationList = DC4D079D1D7D233A00862432 /* Build configuration list for PBXNativeTarget "CoronaConvenience" */;
			buildPhases = (
				DC4D07901D7D233A00862432 /* Sources */,
				DC4D07911D7D233A00862432 /* Frameworks */,
				DC4D07921D7D233A00862432 /* Headers */,
				DC4D07931D7D233A00862432 /* Resources */,
			);
			buildRules = (
			);
			dependencies = (
			);
			name = CoronaConvenience;
			productName = CoronaConvenience;
			productReference = DC4D07951D7D233A00862432 /* CoronaConvenience.framework */;
			productType = "com.apple.product-type.framework";
		};
		DC6B68C91EB59E7700B0FF92 /* CoronaConvenience.Tests */ = {
			isa = PBXNativeTarget;
			buildConfigurationList = DC6B68D11EB59E7700B0FF92 /* Build configuration list for PBXNativeTarget "CoronaConvenience.Tests" */;
			buildPhases = (
				DC6B68C61EB59E7700B0FF92 /* Sources */,
				DC6B68C71EB59E7700B0FF92 /* Frameworks */,
				DC6B68C81EB59E7700B0FF92 /* Resources */,
			);
			buildRules = (
			);
			dependencies = (
			);
			name = CoronaConvenience.Tests;
			productName = CoronaConvenience.Tests;
			productReference = DC6B68CA1EB59E7700B0FF92 /* CoronaConvenience.Tests.xctest */;
			productType = "com.apple.product-type.bundle.unit-test";
		};
/* End PBXNativeTarget section */

/* Begin PBXProject section */
		DC4D078C1D7D233A00862432 /* Project object */ = {
			isa = PBXProject;
			attributes = {
				LastSwiftUpdateCheck = 0830;
				LastUpgradeCheck = 0920;
				ORGANIZATIONNAME = "Cooper Knaak";
				TargetAttributes = {
					DC4D07941D7D233A00862432 = {
						CreatedOnToolsVersion = 7.3.1;
						LastSwiftMigration = 0920;
					};
					DC6B68C91EB59E7700B0FF92 = {
						CreatedOnToolsVersion = 8.3.2;
						DevelopmentTeam = ULGC99Z6NQ;
						ProvisioningStyle = Automatic;
					};
				};
			};
			buildConfigurationList = DC4D078F1D7D233A00862432 /* Build configuration list for PBXProject "CoronaConvenience" */;
			compatibilityVersion = "Xcode 3.2";
			developmentRegion = English;
			hasScannedForEncodings = 0;
			knownRegions = (
				en,
			);
			mainGroup = DC4D078B1D7D233A00862432;
			productRefGroup = DC4D07961D7D233A00862432 /* Products */;
			projectDirPath = "";
			projectRoot = "";
			targets = (
				DC4D07941D7D233A00862432 /* CoronaConvenience */,
				DC6B68C91EB59E7700B0FF92 /* CoronaConvenience.Tests */,
			);
		};
/* End PBXProject section */

/* Begin PBXResourcesBuildPhase section */
		DC4D07931D7D233A00862432 /* Resources */ = {
			isa = PBXResourcesBuildPhase;
			buildActionMask = 2147483647;
			files = (
			);
			runOnlyForDeploymentPostprocessing = 0;
		};
		DC6B68C81EB59E7700B0FF92 /* Resources */ = {
			isa = PBXResourcesBuildPhase;
			buildActionMask = 2147483647;
			files = (
			);
			runOnlyForDeploymentPostprocessing = 0;
		};
/* End PBXResourcesBuildPhase section */

/* Begin PBXSourcesBuildPhase section */
		DC4D07901D7D233A00862432 /* Sources */ = {
			isa = PBXSourcesBuildPhase;
			buildActionMask = 2147483647;
			files = (
				DC4D07EA1D7D254600862432 /* UniversalSaverBase.swift in Sources */,
				DC4D07BC1D7D238600862432 /* UIAlertController+Convenience.swift in Sources */,
				DC4D07B51D7D238600862432 /* NSObject+Convenience.swift in Sources */,
				DC4D07BB1D7D238600862432 /* String+Convenience.swift in Sources */,
				DC7429031D7F453D001AF8E1 /* CombineIteration.swift in Sources */,
				DC087D811D86056200104A84 /* String+Parsing.swift in Sources */,
				DC4D07B41D7D238600862432 /* NSNotificationCenter+Convenience.swift in Sources */,
				DC7428FF1D7F453D001AF8E1 /* CADisplayLinkWrapper.swift in Sources */,
				DC4D07B61D7D238600862432 /* NSOperation+Convenience.swift in Sources */,
				DC7429041D7F453D001AF8E1 /* Math.swift in Sources */,
				DC68D2F61DD146B900144FC3 /* RegexMatch.swift in Sources */,
				DC7429001D7F453D001AF8E1 /* CGPoint+Math.swift in Sources */,
				DC7429081D7F453D001AF8E1 /* UIColor+Math.swift in Sources */,
				DCA4C7FD1DBC008000D00A25 /* UnownedReference.swift in Sources */,
				DC06DFCA1D81F1A6001C5042 /* UIImage+Creation.swift in Sources */,
				DC4D07B31D7D238600862432 /* NSFileManager+Convenience.swift in Sources */,
				DC292D101E359B7A00956869 /* NSControl+Convenience.swift in Sources */,
				DC7429011D7F453D001AF8E1 /* CGRect+Math.swift in Sources */,
				DC087D7F1D86051C00104A84 /* NSRegularExpression+Convenience.swift in Sources */,
				DC9FFD6E1EA9660B0058493C /* ColorUtils.swift in Sources */,
				DC4D07BA1D7D238600862432 /* Set+Convenience.swift in Sources */,
				DCC542951E7E11EA00C50451 /* NSLayoutConstraint+Convenience.swift in Sources */,
				DC4D07B71D7D238600862432 /* NSURL+Convenience.swift in Sources */,
				DC4D07B81D7D238600862432 /* Primitives+Convenience.swift in Sources */,
				DC7429021D7F453D001AF8E1 /* CGSize+Math.swift in Sources */,
				DC4D07AF1D7D238600862432 /* Array+Convenience.swift in Sources */,
				DC7429051D7F453D001AF8E1 /* NSScanner+Swift.swift in Sources */,
				DC4577531D8515A300711D86 /* BasicCenteredCollectionViewLayout.swift in Sources */,
				DCF15A391F993A1800F212A3 /* Dictionary+Convenience.swift in Sources */,
				DC4D07B11D7D238600862432 /* CGFloat+Convenience.swift in Sources */,
				DC4D07B01D7D238600862432 /* Bool+Convenience.swift in Sources */,
				DC4D07B21D7D238600862432 /* Int+Convenience.swift in Sources */,
				DCC50CD01D81EF1E007092CA /* UIViewController+Geometry.swift in Sources */,
				DCA4C7FB1DBC004700D00A25 /* WeakReference.swift in Sources */,
				DC4D07BD1D7D238600862432 /* UIView+Convenience.swift in Sources */,
			);
			runOnlyForDeploymentPostprocessing = 0;
		};
		DC6B68C61EB59E7700B0FF92 /* Sources */ = {
			isa = PBXSourcesBuildPhase;
			buildActionMask = 2147483647;
			files = (
				DCEE23D21EB666C200195F94 /* CGRectTests.swift in Sources */,
				DC6B68D31EB5A26400B0FF92 /* CGPointTests.swift in Sources */,
				DC6B68D51EB5A30200B0FF92 /* CGSizeTests.swift in Sources */,
				DC6B68CD1EB59E7700B0FF92 /* CoronaConvenience_Tests.swift in Sources */,
				DCF15A3B1F993A9800F212A3 /* DictionaryTest.swift in Sources */,
			);
			runOnlyForDeploymentPostprocessing = 0;
		};
/* End PBXSourcesBuildPhase section */

/* Begin XCBuildConfiguration section */
		DC4D079B1D7D233A00862432 /* Debug */ = {
			isa = XCBuildConfiguration;
			buildSettings = {
				ALWAYS_SEARCH_USER_PATHS = NO;
				CLANG_ANALYZER_NONNULL = YES;
				CLANG_CXX_LANGUAGE_STANDARD = "gnu++0x";
				CLANG_CXX_LIBRARY = "libc++";
				CLANG_ENABLE_MODULES = YES;
				CLANG_ENABLE_OBJC_ARC = YES;
				CLANG_WARN_BLOCK_CAPTURE_AUTORELEASING = YES;
				CLANG_WARN_BOOL_CONVERSION = YES;
				CLANG_WARN_COMMA = YES;
				CLANG_WARN_CONSTANT_CONVERSION = YES;
				CLANG_WARN_DIRECT_OBJC_ISA_USAGE = YES_ERROR;
				CLANG_WARN_EMPTY_BODY = YES;
				CLANG_WARN_ENUM_CONVERSION = YES;
				CLANG_WARN_INFINITE_RECURSION = YES;
				CLANG_WARN_INT_CONVERSION = YES;
				CLANG_WARN_NON_LITERAL_NULL_CONVERSION = YES;
				CLANG_WARN_OBJC_LITERAL_CONVERSION = YES;
				CLANG_WARN_OBJC_ROOT_CLASS = YES_ERROR;
				CLANG_WARN_RANGE_LOOP_ANALYSIS = YES;
				CLANG_WARN_STRICT_PROTOTYPES = YES;
				CLANG_WARN_SUSPICIOUS_MOVE = YES;
				CLANG_WARN_UNREACHABLE_CODE = YES;
				CLANG_WARN__DUPLICATE_METHOD_MATCH = YES;
				"CODE_SIGN_IDENTITY[sdk=iphoneos*]" = "iPhone Developer";
				COPY_PHASE_STRIP = NO;
				CURRENT_PROJECT_VERSION = 1;
				DEBUG_INFORMATION_FORMAT = dwarf;
				ENABLE_STRICT_OBJC_MSGSEND = YES;
				ENABLE_TESTABILITY = YES;
				GCC_C_LANGUAGE_STANDARD = gnu99;
				GCC_DYNAMIC_NO_PIC = NO;
				GCC_NO_COMMON_BLOCKS = YES;
				GCC_OPTIMIZATION_LEVEL = 0;
				GCC_PREPROCESSOR_DEFINITIONS = (
					"DEBUG=1",
					"$(inherited)",
				);
				GCC_WARN_64_TO_32_BIT_CONVERSION = YES;
				GCC_WARN_ABOUT_RETURN_TYPE = YES_ERROR;
				GCC_WARN_UNDECLARED_SELECTOR = YES;
				GCC_WARN_UNINITIALIZED_AUTOS = YES_AGGRESSIVE;
				GCC_WARN_UNUSED_FUNCTION = YES;
				GCC_WARN_UNUSED_VARIABLE = YES;
				IPHONEOS_DEPLOYMENT_TARGET = 9.3;
				MTL_ENABLE_DEBUG_INFO = YES;
				ONLY_ACTIVE_ARCH = YES;
				SDKROOT = iphoneos;
				SWIFT_OPTIMIZATION_LEVEL = "-Onone";
				TARGETED_DEVICE_FAMILY = "1,2";
				VERSIONING_SYSTEM = "apple-generic";
				VERSION_INFO_PREFIX = "";
			};
			name = Debug;
		};
		DC4D079C1D7D233A00862432 /* Release */ = {
			isa = XCBuildConfiguration;
			buildSettings = {
				ALWAYS_SEARCH_USER_PATHS = NO;
				CLANG_ANALYZER_NONNULL = YES;
				CLANG_CXX_LANGUAGE_STANDARD = "gnu++0x";
				CLANG_CXX_LIBRARY = "libc++";
				CLANG_ENABLE_MODULES = YES;
				CLANG_ENABLE_OBJC_ARC = YES;
				CLANG_WARN_BLOCK_CAPTURE_AUTORELEASING = YES;
				CLANG_WARN_BOOL_CONVERSION = YES;
				CLANG_WARN_COMMA = YES;
				CLANG_WARN_CONSTANT_CONVERSION = YES;
				CLANG_WARN_DIRECT_OBJC_ISA_USAGE = YES_ERROR;
				CLANG_WARN_EMPTY_BODY = YES;
				CLANG_WARN_ENUM_CONVERSION = YES;
				CLANG_WARN_INFINITE_RECURSION = YES;
				CLANG_WARN_INT_CONVERSION = YES;
				CLANG_WARN_NON_LITERAL_NULL_CONVERSION = YES;
				CLANG_WARN_OBJC_LITERAL_CONVERSION = YES;
				CLANG_WARN_OBJC_ROOT_CLASS = YES_ERROR;
				CLANG_WARN_RANGE_LOOP_ANALYSIS = YES;
				CLANG_WARN_STRICT_PROTOTYPES = YES;
				CLANG_WARN_SUSPICIOUS_MOVE = YES;
				CLANG_WARN_UNREACHABLE_CODE = YES;
				CLANG_WARN__DUPLICATE_METHOD_MATCH = YES;
				"CODE_SIGN_IDENTITY[sdk=iphoneos*]" = "iPhone Developer";
				COPY_PHASE_STRIP = NO;
				CURRENT_PROJECT_VERSION = 1;
				DEBUG_INFORMATION_FORMAT = "dwarf-with-dsym";
				ENABLE_NS_ASSERTIONS = NO;
				ENABLE_STRICT_OBJC_MSGSEND = YES;
				GCC_C_LANGUAGE_STANDARD = gnu99;
				GCC_NO_COMMON_BLOCKS = YES;
				GCC_WARN_64_TO_32_BIT_CONVERSION = YES;
				GCC_WARN_ABOUT_RETURN_TYPE = YES_ERROR;
				GCC_WARN_UNDECLARED_SELECTOR = YES;
				GCC_WARN_UNINITIALIZED_AUTOS = YES_AGGRESSIVE;
				GCC_WARN_UNUSED_FUNCTION = YES;
				GCC_WARN_UNUSED_VARIABLE = YES;
				IPHONEOS_DEPLOYMENT_TARGET = 9.3;
				MTL_ENABLE_DEBUG_INFO = NO;
				SDKROOT = iphoneos;
				SWIFT_OPTIMIZATION_LEVEL = "-Owholemodule";
				TARGETED_DEVICE_FAMILY = "1,2";
				VALIDATE_PRODUCT = YES;
				VERSIONING_SYSTEM = "apple-generic";
				VERSION_INFO_PREFIX = "";
			};
			name = Release;
		};
		DC4D079E1D7D233A00862432 /* Debug */ = {
			isa = XCBuildConfiguration;
			buildSettings = {
				ALWAYS_EMBED_SWIFT_STANDARD_LIBRARIES = YES;
				CLANG_ENABLE_MODULES = YES;
				"CODE_SIGN_IDENTITY[sdk=iphoneos*]" = "";
				DEFINES_MODULE = YES;
				DYLIB_COMPATIBILITY_VERSION = 1;
				DYLIB_CURRENT_VERSION = 1;
				DYLIB_INSTALL_NAME_BASE = "@rpath";
				INFOPLIST_FILE = CoronaConvenience/Info.plist;
				INSTALL_PATH = "$(LOCAL_LIBRARY_DIR)/Frameworks";
				LD_RUNPATH_SEARCH_PATHS = "$(inherited) @executable_path/Frameworks @loader_path/Frameworks";
				MACOSX_DEPLOYMENT_TARGET = 10.11;
				PRODUCT_BUNDLE_IDENTIFIER = "Corona-Corporation.CoronaConvenience";
				PRODUCT_NAME = "$(TARGET_NAME)";
				SDKROOT = iphoneos;
				SKIP_INSTALL = YES;
				SUPPORTED_PLATFORMS = "iphonesimulator iphoneos macosx";
				SWIFT_OPTIMIZATION_LEVEL = "-Onone";
				SWIFT_SWIFT3_OBJC_INFERENCE = Default;
				SWIFT_VERSION = 4.0;
				VALID_ARCHS = "arm64 armv7 armv7s i386 x86_64";
			};
			name = Debug;
		};
		DC4D079F1D7D233A00862432 /* Release */ = {
			isa = XCBuildConfiguration;
			buildSettings = {
				ALWAYS_EMBED_SWIFT_STANDARD_LIBRARIES = YES;
				CLANG_ENABLE_MODULES = YES;
				"CODE_SIGN_IDENTITY[sdk=iphoneos*]" = "";
				DEFINES_MODULE = YES;
				DYLIB_COMPATIBILITY_VERSION = 1;
				DYLIB_CURRENT_VERSION = 1;
				DYLIB_INSTALL_NAME_BASE = "@rpath";
				INFOPLIST_FILE = CoronaConvenience/Info.plist;
				INSTALL_PATH = "$(LOCAL_LIBRARY_DIR)/Frameworks";
				LD_RUNPATH_SEARCH_PATHS = "$(inherited) @executable_path/Frameworks @loader_path/Frameworks";
				MACOSX_DEPLOYMENT_TARGET = 10.11;
				PRODUCT_BUNDLE_IDENTIFIER = "Corona-Corporation.CoronaConvenience";
				PRODUCT_NAME = "$(TARGET_NAME)";
				SDKROOT = iphoneos;
				SKIP_INSTALL = YES;
				SUPPORTED_PLATFORMS = "iphonesimulator iphoneos macosx";
				SWIFT_SWIFT3_OBJC_INFERENCE = Default;
				SWIFT_VERSION = 4.0;
				VALID_ARCHS = "arm64 armv7 armv7s i386 x86_64";
			};
			name = Release;
		};
		DC6B68CF1EB59E7700B0FF92 /* Debug */ = {
			isa = XCBuildConfiguration;
			buildSettings = {
				CLANG_ANALYZER_NUMBER_OBJECT_CONVERSION = YES_AGGRESSIVE;
				CLANG_WARN_DOCUMENTATION_COMMENTS = YES;
				CODE_SIGN_IDENTITY = "-";
				COMBINE_HIDPI_IMAGES = YES;
				DEVELOPMENT_TEAM = ULGC99Z6NQ;
				INFOPLIST_FILE = CoronaConvenience.Tests/Info.plist;
				LD_RUNPATH_SEARCH_PATHS = "$(inherited) @executable_path/../Frameworks @loader_path/../Frameworks";
				MACOSX_DEPLOYMENT_TARGET = 10.12;
				PRODUCT_BUNDLE_IDENTIFIER = "CooperCorona.CoronaConvenience-Tests";
				PRODUCT_NAME = "$(TARGET_NAME)";
				SDKROOT = macosx;
				SWIFT_ACTIVE_COMPILATION_CONDITIONS = DEBUG;
				SWIFT_VERSION = 3.0;
			};
			name = Debug;
		};
		DC6B68D01EB59E7700B0FF92 /* Release */ = {
			isa = XCBuildConfiguration;
			buildSettings = {
				CLANG_ANALYZER_NUMBER_OBJECT_CONVERSION = YES_AGGRESSIVE;
				CLANG_WARN_DOCUMENTATION_COMMENTS = YES;
				CODE_SIGN_IDENTITY = "-";
				COMBINE_HIDPI_IMAGES = YES;
				DEVELOPMENT_TEAM = ULGC99Z6NQ;
				INFOPLIST_FILE = CoronaConvenience.Tests/Info.plist;
				LD_RUNPATH_SEARCH_PATHS = "$(inherited) @executable_path/../Frameworks @loader_path/../Frameworks";
				MACOSX_DEPLOYMENT_TARGET = 10.12;
				PRODUCT_BUNDLE_IDENTIFIER = "CooperCorona.CoronaConvenience-Tests";
				PRODUCT_NAME = "$(TARGET_NAME)";
				SDKROOT = macosx;
				SWIFT_VERSION = 3.0;
			};
			name = Release;
		};
/* End XCBuildConfiguration section */

/* Begin XCConfigurationList section */
		DC4D078F1D7D233A00862432 /* Build configuration list for PBXProject "CoronaConvenience" */ = {
			isa = XCConfigurationList;
			buildConfigurations = (
				DC4D079B1D7D233A00862432 /* Debug */,
				DC4D079C1D7D233A00862432 /* Release */,
			);
			defaultConfigurationIsVisible = 0;
			defaultConfigurationName = Release;
		};
		DC4D079D1D7D233A00862432 /* Build configuration list for PBXNativeTarget "CoronaConvenience" */ = {
			isa = XCConfigurationList;
			buildConfigurations = (
				DC4D079E1D7D233A00862432 /* Debug */,
				DC4D079F1D7D233A00862432 /* Release */,
			);
			defaultConfigurationIsVisible = 0;
			defaultConfigurationName = Release;
		};
		DC6B68D11EB59E7700B0FF92 /* Build configuration list for PBXNativeTarget "CoronaConvenience.Tests" */ = {
			isa = XCConfigurationList;
			buildConfigurations = (
				DC6B68CF1EB59E7700B0FF92 /* Debug */,
				DC6B68D01EB59E7700B0FF92 /* Release */,
			);
			defaultConfigurationIsVisible = 0;
			defaultConfigurationName = Release;
		};
/* End XCConfigurationList section */
	};
	rootObject = DC4D078C1D7D233A00862432 /* Project object */;
}
